
Microsoft Visual Studio Solution File, Format Version 12.00
# Visual Studio Version 17
VisualStudioVersion = 17.0.31710.8
MinimumVisualStudioVersion = 10.0.40219.1
Project("{9A19103F-16F7-4668-BE54-9A1E7A4F7556}") = "FDEV.Rules.Demo.Core", "FDEV.Rules.Demo.Core\FDEV.Rules.Demo.Core.csproj", "{EE9EC19C-3BD6-423F-B3EF-B08EB9D1F895}"
EndProject
Project("{9A19103F-16F7-4668-BE54-9A1E7A4F7556}") = "FDEV.Rules.Demo.Domain", "FDEV.Rules.Demo.Domain\FDEV.Rules.Demo.Domain.csproj", "{4DBDAC74-A43E-4CF5-8088-5E26874F8FDE}"
EndProject
Project("{9A19103F-16F7-4668-BE54-9A1E7A4F7556}") = "FDEV.Rules.Demo.Infrastructure", "FDEV.Rules.Demo.Infrastructure\FDEV.Rules.Demo.Infrastructure.csproj", "{8F6E3087-E4D0-4234-8911-1742141D93FD}"
EndProject
Project("{2150E333-8FDC-42A3-9474-1A3956D46DE8}") = "1 - CORE", "1 - CORE", "{2F329CA6-0EBC-465A-83CD-4D1E9786F251}"
EndProject
Project("{2150E333-8FDC-42A3-9474-1A3956D46DE8}") = "2 - INFRASTRUCTURE", "2 - INFRASTRUCTURE", "{B7FBCD49-D551-4CCC-84C7-A693B8880A31}"
EndProject
Project("{2150E333-8FDC-42A3-9474-1A3956D46DE8}") = "3 - DOMAIN", "3 - DOMAIN", "{F07A156B-2DAE-4F20-A85D-A7C8E03F04E4}"
EndProject
Project("{2150E333-8FDC-42A3-9474-1A3956D46DE8}") = "9 - TEST", "9 - TEST", "{961ACB80-E8F7-41E2-8CD2-DBE5D93D8DE7}"
EndProject
Project("{2150E333-8FDC-42A3-9474-1A3956D46DE8}") = "4 - CROSSCUT", "4 - CROSSCUT", "{F07406EB-C53D-41D6-91CA-A850F808C4D8}"
EndProject
Project("{2150E333-8FDC-42A3-9474-1A3956D46DE8}") = "6 - SHARED APP", "6 - SHARED APP", "{7487A35C-A2C9-43B4-92FE-273524A2812F}"
EndProject
Project("{2150E333-8FDC-42A3-9474-1A3956D46DE8}") = "8 - PRESENTATION", "8 - PRESENTATION", "{6F0FEB86-E4C5-4AB1-8C57-53050B6AD65F}"
EndProject
Project("{9A19103F-16F7-4668-BE54-9A1E7A4F7556}") = "FDEV.Rules.Demo.Test", "FDEV.Rules.Demo.Test\FDEV.Rules.Demo.Test.csproj", "{EC4670E6-A2F6-4A68-81C6-2073A37C6A2C}"
EndProject
Project("{9A19103F-16F7-4668-BE54-9A1E7A4F7556}") = "FDEV.Rules.Demo.UI.DemonstrationSite", "FDEV.Rules.Demo.UI.DemonstrationSite\FDEV.Rules.Demo.UI.DemonstrationSite.csproj", "{695BBFDF-C464-4573-9ECC-625B8BC7BF74}"
EndProject
Project("{9A19103F-16F7-4668-BE54-9A1E7A4F7556}") = "FDEV.Rules.Demo.SharedMVC", "FDEV.Rules.Demo.SharedMVC\FDEV.Rules.Demo.SharedMVC.csproj", "{E444B41B-1E07-44E6-BAD9-367D6C4586AC}"
EndProject
Project("{2150E333-8FDC-42A3-9474-1A3956D46DE8}") = "0 - DOCUMENTATION", "0 - DOCUMENTATION", "{F412B6C6-31B2-4E0D-8A22-4FAE5C30E1CE}"
	ProjectSection(SolutionItems) = preProject
		Documentation\ASPNETCORE.png = Documentation\ASPNETCORE.png
		Documentation\ASPNETCORE_Projects.png = Documentation\ASPNETCORE_Projects.png
		Documentation\Depency Injection note with shared App project.png = Documentation\Depency Injection note with shared App project.png
		Documentation\FDev Rules - Task Manaagement.xlsx = Documentation\FDev Rules - Task Manaagement.xlsx
		Documentation\FDevRules-Illustrations.vsdx = Documentation\FDevRules-Illustrations.vsdx
		Documentation\Job Description.docx = Documentation\Job Description.docx
		Documentation\Rule-Engine - almost there.gif = Documentation\Rule-Engine - almost there.gif
	EndProjectSection
EndProject
Project("{2150E333-8FDC-42A3-9474-1A3956D46DE8}") = "Solution Items", "Solution Items", "{F45BEE08-5B9F-409C-9A02-314F49E22B49}"
	ProjectSection(SolutionItems) = preProject
		.editorconfig = .editorconfig
	EndProjectSection
EndProject
Global
	GlobalSection(SolutionConfigurationPlatforms) = preSolution
		Debug|Any CPU = Debug|Any CPU
		Release|Any CPU = Release|Any CPU
	EndGlobalSection
	GlobalSection(ProjectConfigurationPlatforms) = postSolution
		{EE9EC19C-3BD6-423F-B3EF-B08EB9D1F895}.Debug|Any CPU.ActiveCfg = Debug|Any CPU
		{EE9EC19C-3BD6-423F-B3EF-B08EB9D1F895}.Debug|Any CPU.Build.0 = Debug|Any CPU
		{EE9EC19C-3BD6-423F-B3EF-B08EB9D1F895}.Release|Any CPU.ActiveCfg = Release|Any CPU
		{EE9EC19C-3BD6-423F-B3EF-B08EB9D1F895}.Release|Any CPU.Build.0 = Release|Any CPU
		{4DBDAC74-A43E-4CF5-8088-5E26874F8FDE}.Debug|Any CPU.ActiveCfg = Debug|Any CPU
		{4DBDAC74-A43E-4CF5-8088-5E26874F8FDE}.Debug|Any CPU.Build.0 = Debug|Any CPU
		{4DBDAC74-A43E-4CF5-8088-5E26874F8FDE}.Release|Any CPU.ActiveCfg = Release|Any CPU
		{4DBDAC74-A43E-4CF5-8088-5E26874F8FDE}.Release|Any CPU.Build.0 = Release|Any CPU
		{8F6E3087-E4D0-4234-8911-1742141D93FD}.Debug|Any CPU.ActiveCfg = Debug|Any CPU
		{8F6E3087-E4D0-4234-8911-1742141D93FD}.Debug|Any CPU.Build.0 = Debug|Any CPU
		{8F6E3087-E4D0-4234-8911-1742141D93FD}.Release|Any CPU.ActiveCfg = Release|Any CPU
		{8F6E3087-E4D0-4234-8911-1742141D93FD}.Release|Any CPU.Build.0 = Release|Any CPU
		{EC4670E6-A2F6-4A68-81C6-2073A37C6A2C}.Debug|Any CPU.ActiveCfg = Debug|Any CPU
		{EC4670E6-A2F6-4A68-81C6-2073A37C6A2C}.Debug|Any CPU.Build.0 = Debug|Any CPU
		{EC4670E6-A2F6-4A68-81C6-2073A37C6A2C}.Release|Any CPU.ActiveCfg = Release|Any CPU
		{EC4670E6-A2F6-4A68-81C6-2073A37C6A2C}.Release|Any CPU.Build.0 = Release|Any CPU
		{695BBFDF-C464-4573-9ECC-625B8BC7BF74}.Debug|Any CPU.ActiveCfg = Debug|Any CPU
		{695BBFDF-C464-4573-9ECC-625B8BC7BF74}.Debug|Any CPU.Build.0 = Debug|Any CPU
		{695BBFDF-C464-4573-9ECC-625B8BC7BF74}.Release|Any CPU.ActiveCfg = Release|Any CPU
		{695BBFDF-C464-4573-9ECC-625B8BC7BF74}.Release|Any CPU.Build.0 = Release|Any CPU
		{E444B41B-1E07-44E6-BAD9-367D6C4586AC}.Debug|Any CPU.ActiveCfg = Debug|Any CPU
		{E444B41B-1E07-44E6-BAD9-367D6C4586AC}.Debug|Any CPU.Build.0 = Debug|Any CPU
		{E444B41B-1E07-44E6-BAD9-367D6C4586AC}.Release|Any CPU.ActiveCfg = Release|Any CPU
		{E444B41B-1E07-44E6-BAD9-367D6C4586AC}.Release|Any CPU.Build.0 = Release|Any CPU
	EndGlobalSection
	GlobalSection(SolutionProperties) = preSolution
		HideSolutionNode = FALSE
	EndGlobalSection
	GlobalSection(NestedProjects) = preSolution
		{EE9EC19C-3BD6-423F-B3EF-B08EB9D1F895} = {2F329CA6-0EBC-465A-83CD-4D1E9786F251}
		{4DBDAC74-A43E-4CF5-8088-5E26874F8FDE} = {F07A156B-2DAE-4F20-A85D-A7C8E03F04E4}
		{8F6E3087-E4D0-4234-8911-1742141D93FD} = {B7FBCD49-D551-4CCC-84C7-A693B8880A31}
		{EC4670E6-A2F6-4A68-81C6-2073A37C6A2C} = {961ACB80-E8F7-41E2-8CD2-DBE5D93D8DE7}
		{695BBFDF-C464-4573-9ECC-625B8BC7BF74} = {6F0FEB86-E4C5-4AB1-8C57-53050B6AD65F}
		{E444B41B-1E07-44E6-BAD9-367D6C4586AC} = {7487A35C-A2C9-43B4-92FE-273524A2812F}
	EndGlobalSection
	GlobalSection(ExtensibilityGlobals) = postSolution
		SolutionGuid = {23EDD8FE-E246-42CA-9E3E-312FA6AD99DF}
	EndGlobalSection
EndGlobal
